
Microsoft Visual Studio Solution File, Format Version 12.00
# Visual Studio Version 17
VisualStudioVersion = 17.0.31903.59
MinimumVisualStudioVersion = 10.0.40219.1
Project("{FAE04EC0-301F-11D3-BF4B-00C04F79EFBC}") = "PrimordialDuckOperation.Domain", "PrimordialDuckOperation.Domain\PrimordialDuckOperation.Domain.csproj", "{A1B2C3D4-E5F6-7890-ABCD-EF1234567890}"
EndProject
Project("{FAE04EC0-301F-11D3-BF4B-00C04F79EFBC}") = "PrimordialDuckOperation.Application", "PrimordialDuckOperation.Application\PrimordialDuckOperation.Application.csproj", "{2DFAB7EF-39EA-40AE-B6AF-217B46B56628}"
EndProject
Project("{FAE04EC0-301F-11D3-BF4B-00C04F79EFBC}") = "PrimordialDuckOperation.Infrastructure", "PrimordialDuckOperation.Infrastructure\PrimordialDuckOperation.Infrastructure.csproj", "{A1DDA753-77F9-445A-BC92-B07D302848AF}"
EndProject
Project("{FAE04EC0-301F-11D3-BF4B-00C04F79EFBC}") = "PrimordialDuckOperation.Api", "PrimordialDuckOperation.Api\PrimordialDuckOperation.Api.csproj", "{C4F8E172-375A-4CF6-8FCA-16CBF230793F}"
EndProject
Project("{FAE04EC0-301F-11D3-BF4B-00C04F79EFBC}") = "PrimordialDuckOperation.CrossCutting", "PrimordialDuckOperation.CrossCutting\PrimordialDuckOperation.CrossCutting.csproj", "{58E02822-9441-41AC-876F-3CC21145F19D}"
EndProject
Global
	GlobalSection(SolutionConfigurationPlatforms) = preSolution
		Debug|Any CPU = Debug|Any CPU
		Debug|x64 = Debug|x64
		Debug|x86 = Debug|x86
		Release|Any CPU = Release|Any CPU
		Release|x64 = Release|x64
		Release|x86 = Release|x86
	EndGlobalSection
	GlobalSection(ProjectConfigurationPlatforms) = postSolution
		{A1B2C3D4-E5F6-7890-ABCD-EF1234567890}.Debug|Any CPU.ActiveCfg = Debug|Any CPU
		{A1B2C3D4-E5F6-7890-ABCD-EF1234567890}.Debug|Any CPU.Build.0 = Debug|Any CPU
		{A1B2C3D4-E5F6-7890-ABCD-EF1234567890}.Debug|x64.ActiveCfg = Debug|Any CPU
		{A1B2C3D4-E5F6-7890-ABCD-EF1234567890}.Debug|x64.Build.0 = Debug|Any CPU
		{A1B2C3D4-E5F6-7890-ABCD-EF1234567890}.Debug|x86.ActiveCfg = Debug|Any CPU
		{A1B2C3D4-E5F6-7890-ABCD-EF1234567890}.Debug|x86.Build.0 = Debug|Any CPU
		{A1B2C3D4-E5F6-7890-ABCD-EF1234567890}.Release|Any CPU.ActiveCfg = Release|Any CPU
		{A1B2C3D4-E5F6-7890-ABCD-EF1234567890}.Release|Any CPU.Build.0 = Release|Any CPU
		{A1B2C3D4-E5F6-7890-ABCD-EF1234567890}.Release|x64.ActiveCfg = Release|Any CPU
		{A1B2C3D4-E5F6-7890-ABCD-EF1234567890}.Release|x64.Build.0 = Release|Any CPU
		{A1B2C3D4-E5F6-7890-ABCD-EF1234567890}.Release|x86.ActiveCfg = Release|Any CPU
		{A1B2C3D4-E5F6-7890-ABCD-EF1234567890}.Release|x86.Build.0 = Release|Any CPU
		{2DFAB7EF-39EA-40AE-B6AF-217B46B56628}.Debug|Any CPU.ActiveCfg = Debug|Any CPU
		{2DFAB7EF-39EA-40AE-B6AF-217B46B56628}.Debug|Any CPU.Build.0 = Debug|Any CPU
		{2DFAB7EF-39EA-40AE-B6AF-217B46B56628}.Debug|x64.ActiveCfg = Debug|Any CPU
		{2DFAB7EF-39EA-40AE-B6AF-217B46B56628}.Debug|x64.Build.0 = Debug|Any CPU
		{2DFAB7EF-39EA-40AE-B6AF-217B46B56628}.Debug|x86.ActiveCfg = Debug|Any CPU
		{2DFAB7EF-39EA-40AE-B6AF-217B46B56628}.Debug|x86.Build.0 = Debug|Any CPU
		{2DFAB7EF-39EA-40AE-B6AF-217B46B56628}.Release|Any CPU.ActiveCfg = Release|Any CPU
		{2DFAB7EF-39EA-40AE-B6AF-217B46B56628}.Release|Any CPU.Build.0 = Release|Any CPU
		{2DFAB7EF-39EA-40AE-B6AF-217B46B56628}.Release|x64.ActiveCfg = Release|Any CPU
		{2DFAB7EF-39EA-40AE-B6AF-217B46B56628}.Release|x64.Build.0 = Release|Any CPU
		{2DFAB7EF-39EA-40AE-B6AF-217B46B56628}.Release|x86.ActiveCfg = Release|Any CPU
		{2DFAB7EF-39EA-40AE-B6AF-217B46B56628}.Release|x86.Build.0 = Release|Any CPU
		{A1DDA753-77F9-445A-BC92-B07D302848AF}.Debug|Any CPU.ActiveCfg = Debug|Any CPU
		{A1DDA753-77F9-445A-BC92-B07D302848AF}.Debug|Any CPU.Build.0 = Debug|Any CPU
		{A1DDA753-77F9-445A-BC92-B07D302848AF}.Debug|x64.ActiveCfg = Debug|Any CPU
		{A1DDA753-77F9-445A-BC92-B07D302848AF}.Debug|x64.Build.0 = Debug|Any CPU
		{A1DDA753-77F9-445A-BC92-B07D302848AF}.Debug|x86.ActiveCfg = Debug|Any CPU
		{A1DDA753-77F9-445A-BC92-B07D302848AF}.Debug|x86.Build.0 = Debug|Any CPU
		{A1DDA753-77F9-445A-BC92-B07D302848AF}.Release|Any CPU.ActiveCfg = Release|Any CPU
		{A1DDA753-77F9-445A-BC92-B07D302848AF}.Release|Any CPU.Build.0 = Release|Any CPU
		{A1DDA753-77F9-445A-BC92-B07D302848AF}.Release|x64.ActiveCfg = Release|Any CPU
		{A1DDA753-77F9-445A-BC92-B07D302848AF}.Release|x64.Build.0 = Release|Any CPU
		{A1DDA753-77F9-445A-BC92-B07D302848AF}.Release|x86.ActiveCfg = Release|Any CPU
		{A1DDA753-77F9-445A-BC92-B07D302848AF}.Release|x86.Build.0 = Release|Any CPU
		{C4F8E172-375A-4CF6-8FCA-16CBF230793F}.Debug|Any CPU.ActiveCfg = Debug|Any CPU
		{C4F8E172-375A-4CF6-8FCA-16CBF230793F}.Debug|Any CPU.Build.0 = Debug|Any CPU
		{C4F8E172-375A-4CF6-8FCA-16CBF230793F}.Debug|x64.ActiveCfg = Debug|Any CPU
		{C4F8E172-375A-4CF6-8FCA-16CBF230793F}.Debug|x64.Build.0 = Debug|Any CPU
		{C4F8E172-375A-4CF6-8FCA-16CBF230793F}.Debug|x86.ActiveCfg = Debug|Any CPU
		{C4F8E172-375A-4CF6-8FCA-16CBF230793F}.Debug|x86.Build.0 = Debug|Any CPU
		{C4F8E172-375A-4CF6-8FCA-16CBF230793F}.Release|Any CPU.ActiveCfg = Release|Any CPU
		{C4F8E172-375A-4CF6-8FCA-16CBF230793F}.Release|Any CPU.Build.0 = Release|Any CPU
		{C4F8E172-375A-4CF6-8FCA-16CBF230793F}.Release|x64.ActiveCfg = Release|Any CPU
		{C4F8E172-375A-4CF6-8FCA-16CBF230793F}.Release|x64.Build.0 = Release|Any CPU
		{C4F8E172-375A-4CF6-8FCA-16CBF230793F}.Release|x86.ActiveCfg = Release|Any CPU
		{C4F8E172-375A-4CF6-8FCA-16CBF230793F}.Release|x86.Build.0 = Release|Any CPU
		{58E02822-9441-41AC-876F-3CC21145F19D}.Debug|Any CPU.ActiveCfg = Debug|Any CPU
		{58E02822-9441-41AC-876F-3CC21145F19D}.Debug|Any CPU.Build.0 = Debug|Any CPU
		{58E02822-9441-41AC-876F-3CC21145F19D}.Debug|x64.ActiveCfg = Debug|Any CPU
		{58E02822-9441-41AC-876F-3CC21145F19D}.Debug|x64.Build.0 = Debug|Any CPU
		{58E02822-9441-41AC-876F-3CC21145F19D}.Debug|x86.ActiveCfg = Debug|Any CPU
		{58E02822-9441-41AC-876F-3CC21145F19D}.Debug|x86.Build.0 = Debug|Any CPU
		{58E02822-9441-41AC-876F-3CC21145F19D}.Release|Any CPU.ActiveCfg = Release|Any CPU
		{58E02822-9441-41AC-876F-3CC21145F19D}.Release|Any CPU.Build.0 = Release|Any CPU
		{58E02822-9441-41AC-876F-3CC21145F19D}.Release|x64.ActiveCfg = Release|Any CPU
		{58E02822-9441-41AC-876F-3CC21145F19D}.Release|x64.Build.0 = Release|Any CPU
		{58E02822-9441-41AC-876F-3CC21145F19D}.Release|x86.ActiveCfg = Release|Any CPU
		{58E02822-9441-41AC-876F-3CC21145F19D}.Release|x86.Build.0 = Release|Any CPU
	EndGlobalSection
	GlobalSection(SolutionProperties) = preSolution
		HideSolutionNode = FALSE
	EndGlobalSection
	GlobalSection(ExtensibilityGlobals) = postSolution
		SolutionGuid = {C3FAE6D5-F018-467F-B064-56D1437F23AA}
	EndGlobalSection
EndGlobal
